
Microsoft Visual Studio Solution File, Format Version 12.00
# Visual Studio Version 16
VisualStudioVersion = 16.0.30503.244
MinimumVisualStudioVersion = 10.0.40219.1
Project("{FAE04EC0-301F-11D3-BF4B-00C04F79EFBC}") = "TaskDone_V2", "TaskDone_V2.csproj", "{FF457451-E00B-48F8-BDDC-BF6FDD274634}"
EndProject
Global
	GlobalSection(SolutionConfigurationPlatforms) = preSolution
		Debug|Any CPU = Debug|Any CPU
		Release|Any CPU = Release|Any CPU
	EndGlobalSection
	GlobalSection(ProjectConfigurationPlatforms) = postSolution
		{FF457451-E00B-48F8-BDDC-BF6FDD274634}.Debug|Any CPU.ActiveCfg = Debug|Any CPU
		{FF457451-E00B-48F8-BDDC-BF6FDD274634}.Debug|Any CPU.Build.0 = Debug|Any CPU
		{FF457451-E00B-48F8-BDDC-BF6FDD274634}.Release|Any CPU.ActiveCfg = Release|Any CPU
		{FF457451-E00B-48F8-BDDC-BF6FDD274634}.Release|Any CPU.Build.0 = Release|Any CPU
	EndGlobalSection
	GlobalSection(SolutionProperties) = preSolution
		HideSolutionNode = FALSE
	EndGlobalSection
	GlobalSection(ExtensibilityGlobals) = postSolution
		SolutionGuid = {315465B9-B0A3-4895-8AF9-2E4C17039F96}
	EndGlobalSection
EndGlobal
